Microsoft Visual Studio Solution File, Format Version 12.00
# Visual Studio Version 17
VisualStudioVersion = 17.5.2.0
MinimumVisualStudioVersion = 10.0.40219.1
Project("{FAE04EC0-301F-11D3-BF4B-00C04F79EFBC}") = "CodeSmells", "CodeSmells.csproj", "{E2985503-E7EE-05F4-42EB-F9CD1A225C83}"
EndProject
Global
	GlobalSection(SolutionConfigurationPlatforms) = preSolution
		Debug|Any CPU = Debug|Any CPU
		Release|Any CPU = Release|Any CPU
	EndGlobalSection
	GlobalSection(ProjectConfigurationPlatforms) = postSolution
		{E2985503-E7EE-05F4-42EB-F9CD1A225C83}.Debug|Any CPU.ActiveCfg = Debug|Any CPU
		{E2985503-E7EE-05F4-42EB-F9CD1A225C83}.Debug|Any CPU.Build.0 = Debug|Any CPU
		{E2985503-E7EE-05F4-42EB-F9CD1A225C83}.Release|Any CPU.ActiveCfg = Release|Any CPU
		{E2985503-E7EE-05F4-42EB-F9CD1A225C83}.Release|Any CPU.Build.0 = Release|Any CPU
	EndGlobalSection
	GlobalSection(SolutionProperties) = preSolution
		HideSolutionNode = FALSE
	EndGlobalSection
	GlobalSection(ExtensibilityGlobals) = postSolution
		SolutionGuid = {B7949FB5-BA35-410C-9720-50588DDAE6C9}
	EndGlobalSection
EndGlobal
