
Microsoft Visual Studio Solution File, Format Version 12.00
# Visual Studio Version 17
VisualStudioVersion = 17.13.35919.96 d17.13
MinimumVisualStudioVersion = 10.0.40219.1
Project("{FAE04EC0-301F-11D3-BF4B-00C04F79EFBC}") = "CleanCode.Naming", "CleanCode.Naming\CleanCode.Naming.csproj", "{BC4EEAFC-9B62-441B-9884-DDA337F6333D}"
EndProject
Project("{FAE04EC0-301F-11D3-BF4B-00C04F79EFBC}") = "Functions", "Functions\Functions.csproj", "{B79EC940-23ED-4072-9892-910C7C58FD51}"
EndProject
Global
	GlobalSection(SolutionConfigurationPlatforms) = preSolution
		Debug|Any CPU = Debug|Any CPU
		Release|Any CPU = Release|Any CPU
	EndGlobalSection
	GlobalSection(ProjectConfigurationPlatforms) = postSolution
		{BC4EEAFC-9B62-441B-9884-DDA337F6333D}.Debug|Any CPU.ActiveCfg = Debug|Any CPU
		{BC4EEAFC-9B62-441B-9884-DDA337F6333D}.Debug|Any CPU.Build.0 = Debug|Any CPU
		{BC4EEAFC-9B62-441B-9884-DDA337F6333D}.Release|Any CPU.ActiveCfg = Release|Any CPU
		{BC4EEAFC-9B62-441B-9884-DDA337F6333D}.Release|Any CPU.Build.0 = Release|Any CPU
		{B79EC940-23ED-4072-9892-910C7C58FD51}.Debug|Any CPU.ActiveCfg = Debug|Any CPU
		{B79EC940-23ED-4072-9892-910C7C58FD51}.Debug|Any CPU.Build.0 = Debug|Any CPU
		{B79EC940-23ED-4072-9892-910C7C58FD51}.Release|Any CPU.ActiveCfg = Release|Any CPU
		{B79EC940-23ED-4072-9892-910C7C58FD51}.Release|Any CPU.Build.0 = Release|Any CPU
	EndGlobalSection
	GlobalSection(SolutionProperties) = preSolution
		HideSolutionNode = FALSE
	EndGlobalSection
	GlobalSection(ExtensibilityGlobals) = postSolution
		SolutionGuid = {A8901810-50A3-4D80-96EA-1A971591DF37}
	EndGlobalSection
EndGlobal
