
Microsoft Visual Studio Solution File, Format Version 12.00
# Visual Studio Version 17
VisualStudioVersion = 17.13.35919.96 d17.13
MinimumVisualStudioVersion = 10.0.40219.1
Project("{FAE04EC0-301F-11D3-BF4B-00C04F79EFBC}") = "FizzBuzz.Game", "FizzBuzz.Game\FizzBuzz.Game.csproj", "{BD4CC61D-9B42-413F-B9B3-F117C59C9820}"
EndProject
Project("{FAE04EC0-301F-11D3-BF4B-00C04F79EFBC}") = "FizzBuzz.Tests", "FizzBuzz.Tests\FizzBuzz.Tests.csproj", "{11921607-55A2-44F0-B97E-1524CFA22E8E}"
EndProject
Global
	GlobalSection(SolutionConfigurationPlatforms) = preSolution
		Debug|Any CPU = Debug|Any CPU
		Release|Any CPU = Release|Any CPU
	EndGlobalSection
	GlobalSection(ProjectConfigurationPlatforms) = postSolution
		{BD4CC61D-9B42-413F-B9B3-F117C59C9820}.Debug|Any CPU.ActiveCfg = Debug|Any CPU
		{BD4CC61D-9B42-413F-B9B3-F117C59C9820}.Debug|Any CPU.Build.0 = Debug|Any CPU
		{BD4CC61D-9B42-413F-B9B3-F117C59C9820}.Release|Any CPU.ActiveCfg = Release|Any CPU
		{BD4CC61D-9B42-413F-B9B3-F117C59C9820}.Release|Any CPU.Build.0 = Release|Any CPU
		{11921607-55A2-44F0-B97E-1524CFA22E8E}.Debug|Any CPU.ActiveCfg = Debug|Any CPU
		{11921607-55A2-44F0-B97E-1524CFA22E8E}.Debug|Any CPU.Build.0 = Debug|Any CPU
		{11921607-55A2-44F0-B97E-1524CFA22E8E}.Release|Any CPU.ActiveCfg = Release|Any CPU
		{11921607-55A2-44F0-B97E-1524CFA22E8E}.Release|Any CPU.Build.0 = Release|Any CPU
	EndGlobalSection
	GlobalSection(SolutionProperties) = preSolution
		HideSolutionNode = FALSE
	EndGlobalSection
	GlobalSection(ExtensibilityGlobals) = postSolution
		SolutionGuid = {F90E32D2-28CC-4B38-9314-68A1AEB574BD}
	EndGlobalSection
EndGlobal
